
Microsoft Visual Studio Solution File, Format Version 12.00
# Visual Studio Version 16
VisualStudioVersion = 16.0.35229.62
MinimumVisualStudioVersion = 10.0.40219.1
Project("{888888A0-9F3D-457C-B088-3A5042F75D52}") = "GismeteoScraper", "GismeteoScraper\GismeteoScraper.pyproj", "{CD0019EB-3E50-4455-ADFB-CFBD0FEE3335}"
EndProject
Global
	GlobalSection(SolutionConfigurationPlatforms) = preSolution
		Debug|Any CPU = Debug|Any CPU
		Release|Any CPU = Release|Any CPU
	EndGlobalSection
	GlobalSection(ProjectConfigurationPlatforms) = postSolution
		{CD0019EB-3E50-4455-ADFB-CFBD0FEE3335}.Debug|Any CPU.ActiveCfg = Debug|Any CPU
		{CD0019EB-3E50-4455-ADFB-CFBD0FEE3335}.Release|Any CPU.ActiveCfg = Release|Any CPU
	EndGlobalSection
	GlobalSection(SolutionProperties) = preSolution
		HideSolutionNode = FALSE
	EndGlobalSection
	GlobalSection(ExtensibilityGlobals) = postSolution
		SolutionGuid = {696A926F-4A81-4964-9C31-21B54589DF5D}
	EndGlobalSection
EndGlobal
